{
  "version": 4,
  "terraform_version": "0.12.20",
  "serial": 63,
  "lineage": "a36ce58f-b323-a039-12db-97478a01727c",
  "outputs": {},
  "resources": [
    {
      "mode": "data",
      "type": "exoscale_compute_template",
      "name": "ubuntu",
      "provider": "provider.exoscale",
      "instances": [
        {
          "schema_version": 0,
          "attributes": {
            "filter": "featured",
            "id": "287b6306-fdeb-4dc6-855d-90c4f68f572b",
            "name": "Linux Ubuntu 18.04 LTS 64-bit",
            "username": "ubuntu",
            "zone": "ch-dk-2"
          }
        }
      ]
    },
    {
      "mode": "managed",
      "type": "exoscale_compute",
      "name": "k8s-nfs-01",
      "provider": "provider.exoscale",
      "instances": [
        {
          "schema_version": 0,
          "attributes": {
            "affinity_group_ids": [],
            "affinity_groups": [],
            "disk_size": 20,
            "display_name": "k8s-nfs-01",
            "gateway": "159.100.248.1",
            "hostname": "k8s-worker-01",
            "id": "ae502eba-d0c4-4063-85f1-23f232aa9992",
            "ip4": true,
            "ip6": false,
            "ip6_address": "",
            "ip6_cidr": "",
            "ip_address": "159.100.248.88",
            "key_pair": "jgo@work",
            "keyboard": null,
            "name": "k8s-worker-01",
            "password": "pF9bzninzifnast",
            "security_group_ids": [
              "862e640b-dcd2-46ed-9c63-d0296e191eb2"
            ],
            "security_groups": [
              "k8s-utils-sg"
            ],
            "size": "Tiny",
            "state": "Running",
            "tags": {
              "environement": "dev",
              "role": "k8s NFS"
            },
            "template": "Linux Ubuntu 18.04 LTS 64-bit",
            "template_id": "287b6306-fdeb-4dc6-855d-90c4f68f572b",
            "timeouts": {
              "create": "60m",
              "delete": "2h",
              "read": null,
              "update": null
            },
            "user_data": "#cloud-config\nmanage_etc_hosts: k8s-nfs-01.jgo.sh\n",
            "user_data_base64": false,
            "username": "root",
            "zone": "ch-dk-2"
          },
          "private": "eyJlMmJmYjczMC1lY2FhLTExZTYtOGY4OC0zNDM2M2JjN2M0YzAiOnsiY3JlYXRlIjozNjAwMDAwMDAwMDAwLCJkZWxldGUiOjcyMDAwMDAwMDAwMDAsInJlYWQiOjMwMDAwMDAwMDAwMCwidXBkYXRlIjozMDAwMDAwMDAwMDB9fQ=="
        }
      ]
    },
    {
      "mode": "managed",
      "type": "exoscale_compute",
      "name": "master-01",
      "provider": "provider.exoscale",
      "instances": [
        {
          "schema_version": 0,
          "attributes": {
            "affinity_group_ids": [],
            "affinity_groups": [],
            "disk_size": 20,
            "display_name": "k8s-master-01",
            "gateway": "194.182.164.1",
            "hostname": "k8s-master-01",
            "id": "673526dc-b54f-447b-9346-27a6dbf76f54",
            "ip4": true,
            "ip6": false,
            "ip6_address": "",
            "ip6_cidr": "",
            "ip_address": "194.182.164.136",
            "key_pair": "jgo@work",
            "keyboard": null,
            "name": "k8s-master-01",
            "password": "bF5snmvuutrebdk",
            "security_group_ids": [
              "15a73869-bd0c-463a-95e5-7f5ce5d34f63"
            ],
            "security_groups": [
              "k8s-master-sg"
            ],
            "size": "Small",
            "state": "Running",
            "tags": {
              "environement": "dev",
              "role": "k8s Master"
            },
            "template": "Linux Ubuntu 18.04 LTS 64-bit",
            "template_id": "287b6306-fdeb-4dc6-855d-90c4f68f572b",
            "timeouts": {
              "create": "60m",
              "delete": "2h",
              "read": null,
              "update": null
            },
            "user_data": "#cloud-config\nmanage_etc_hosts: k8s-master-01.jgo.sh\n",
            "user_data_base64": false,
            "username": "root",
            "zone": "ch-dk-2"
          },
          "private": "eyJlMmJmYjczMC1lY2FhLTExZTYtOGY4OC0zNDM2M2JjN2M0YzAiOnsiY3JlYXRlIjozNjAwMDAwMDAwMDAwLCJkZWxldGUiOjcyMDAwMDAwMDAwMDAsInJlYWQiOjMwMDAwMDAwMDAwMCwidXBkYXRlIjozMDAwMDAwMDAwMDB9fQ=="
        }
      ]
    },
    {
      "mode": "managed",
      "type": "exoscale_compute",
      "name": "master-03",
      "provider": "provider.exoscale",
      "instances": [
        {
          "schema_version": 0,
          "attributes": {
            "affinity_group_ids": [],
            "affinity_groups": [],
            "disk_size": 20,
            "display_name": "k8s-worker-03",
            "gateway": "194.182.164.1",
            "hostname": "k8s-worker-03",
            "id": "44895ae5-c58f-4ff1-8e50-facc3c19661d",
            "ip4": true,
            "ip6": false,
            "ip6_address": "",
            "ip6_cidr": "",
            "ip_address": "194.182.166.173",
            "key_pair": "jgo@work",
            "keyboard": null,
            "name": "k8s-worker-03",
            "password": "cN9fawtsmgsivcv",
            "security_group_ids": [
              "8fe4a4f6-7d51-412c-a04b-51e4e64ebf4b"
            ],
            "security_groups": [
              "k8s-worker-sg"
            ],
            "size": "Medium",
            "state": "Running",
            "tags": {
              "environement": "dev",
              "role": "k8s Worker"
            },
            "template": "Linux Ubuntu 18.04 LTS 64-bit",
            "template_id": "287b6306-fdeb-4dc6-855d-90c4f68f572b",
            "timeouts": {
              "create": "60m",
              "delete": "2h",
              "read": null,
              "update": null
            },
            "user_data": "#cloud-config\nmanage_etc_hosts: k8s-worker-03.jgo.sh\n",
            "user_data_base64": false,
            "username": "root",
            "zone": "ch-dk-2"
          },
          "private": "eyJlMmJmYjczMC1lY2FhLTExZTYtOGY4OC0zNDM2M2JjN2M0YzAiOnsiY3JlYXRlIjozNjAwMDAwMDAwMDAwLCJkZWxldGUiOjcyMDAwMDAwMDAwMDAsInJlYWQiOjMwMDAwMDAwMDAwMCwidXBkYXRlIjozMDAwMDAwMDAwMDB9fQ=="
        }
      ]
    },
    {
      "mode": "managed",
      "type": "exoscale_compute",
      "name": "worker-01",
      "provider": "provider.exoscale",
      "instances": [
        {
          "schema_version": 0,
          "attributes": {
            "affinity_group_ids": [],
            "affinity_groups": [],
            "disk_size": 20,
            "display_name": "k8s-worker-01",
            "gateway": "194.182.164.1",
            "hostname": "k8s-worker-01",
            "id": "deb76f32-a38a-4fa3-8d60-bbf1cebc613d",
            "ip4": true,
            "ip6": false,
            "ip6_address": "",
            "ip6_cidr": "",
            "ip_address": "194.182.164.211",
            "key_pair": "jgo@work",
            "keyboard": null,
            "name": "k8s-worker-01",
            "password": "nB8ktquxmnqupcd",
            "security_group_ids": [
              "8fe4a4f6-7d51-412c-a04b-51e4e64ebf4b"
            ],
            "security_groups": [
              "k8s-worker-sg"
            ],
            "size": "Medium",
            "state": "Running",
            "tags": {
              "environement": "dev",
              "role": "k8s Worker"
            },
            "template": "Linux Ubuntu 18.04 LTS 64-bit",
            "template_id": "287b6306-fdeb-4dc6-855d-90c4f68f572b",
            "timeouts": {
              "create": "60m",
              "delete": "2h",
              "read": null,
              "update": null
            },
            "user_data": "#cloud-config\nmanage_etc_hosts: k8s-worker-01.jgo.sh\n",
            "user_data_base64": false,
            "username": "root",
            "zone": "ch-dk-2"
          },
          "private": "eyJlMmJmYjczMC1lY2FhLTExZTYtOGY4OC0zNDM2M2JjN2M0YzAiOnsiY3JlYXRlIjozNjAwMDAwMDAwMDAwLCJkZWxldGUiOjcyMDAwMDAwMDAwMDAsInJlYWQiOjMwMDAwMDAwMDAwMCwidXBkYXRlIjozMDAwMDAwMDAwMDB9fQ=="
        }
      ]
    },
    {
      "mode": "managed",
      "type": "exoscale_compute",
      "name": "worker-02",
      "provider": "provider.exoscale",
      "instances": [
        {
          "schema_version": 0,
          "attributes": {
            "affinity_group_ids": [],
            "affinity_groups": [],
            "disk_size": 20,
            "display_name": "k8s-worker-02",
            "gateway": "194.182.164.1",
            "hostname": "k8s-worker-02",
            "id": "78012659-96ee-4537-bcc6-85b5bb62b8a1",
            "ip4": true,
            "ip6": false,
            "ip6_address": "",
            "ip6_cidr": "",
            "ip_address": "194.182.165.112",
            "key_pair": "jgo@work",
            "keyboard": null,
            "name": "k8s-worker-02",
            "password": "pI4uyfinwrpmaci",
            "security_group_ids": [
              "8fe4a4f6-7d51-412c-a04b-51e4e64ebf4b"
            ],
            "security_groups": [
              "k8s-worker-sg"
            ],
            "size": "Medium",
            "state": "Running",
            "tags": {
              "environement": "dev",
              "role": "k8s Worker"
            },
            "template": "Linux Ubuntu 18.04 LTS 64-bit",
            "template_id": "287b6306-fdeb-4dc6-855d-90c4f68f572b",
            "timeouts": {
              "create": "60m",
              "delete": "2h",
              "read": null,
              "update": null
            },
            "user_data": "#cloud-config\nmanage_etc_hosts: k8s-worker-02.jgo.sh\n",
            "user_data_base64": false,
            "username": "root",
            "zone": "ch-dk-2"
          },
          "private": "eyJlMmJmYjczMC1lY2FhLTExZTYtOGY4OC0zNDM2M2JjN2M0YzAiOnsiY3JlYXRlIjozNjAwMDAwMDAwMDAwLCJkZWxldGUiOjcyMDAwMDAwMDAwMDAsInJlYWQiOjMwMDAwMDAwMDAwMCwidXBkYXRlIjozMDAwMDAwMDAwMDB9fQ=="
        }
      ]
    },
    {
      "mode": "managed",
      "type": "exoscale_ipaddress",
      "name": "k8s-master-ip",
      "provider": "provider.exoscale",
      "instances": [
        {
          "schema_version": 0,
          "attributes": {
            "description": "Elastic IP used for masters",
            "healthcheck_interval": 5,
            "healthcheck_mode": "http",
            "healthcheck_path": "/",
            "healthcheck_port": 443,
            "healthcheck_strikes_fail": 3,
            "healthcheck_strikes_ok": 2,
            "healthcheck_timeout": 2,
            "id": "f52848ce-ffe4-49bf-a133-d30604e94c37",
            "ip_address": "194.182.167.110",
            "tags": {},
            "timeouts": null,
            "zone": "ch-dk-2"
          },
          "private": "eyJlMmJmYjczMC1lY2FhLTExZTYtOGY4OC0zNDM2M2JjN2M0YzAiOnsiY3JlYXRlIjozMDAwMDAwMDAwMDAsImRlbGV0ZSI6MzAwMDAwMDAwMDAwLCJyZWFkIjozMDAwMDAwMDAwMDAsInVwZGF0ZSI6MzAwMDAwMDAwMDAwfX0="
        }
      ]
    },
    {
      "mode": "managed",
      "type": "exoscale_security_group",
      "name": "k8s-master-sg",
      "provider": "provider.exoscale",
      "instances": [
        {
          "schema_version": 0,
          "attributes": {
            "description": "K8S - Cluster",
            "id": "15a73869-bd0c-463a-95e5-7f5ce5d34f63",
            "name": "k8s-master-sg",
            "tags": null,
            "timeouts": null
          },
          "private": "eyJlMmJmYjczMC1lY2FhLTExZTYtOGY4OC0zNDM2M2JjN2M0YzAiOnsiY3JlYXRlIjozMDAwMDAwMDAwMDAsImRlbGV0ZSI6MzAwMDAwMDAwMDAwLCJyZWFkIjozMDAwMDAwMDAwMDB9fQ=="
        }
      ]
    },
    {
      "mode": "managed",
      "type": "exoscale_security_group",
      "name": "k8s-utils-sg",
      "provider": "provider.exoscale",
      "instances": [
        {
          "schema_version": 0,
          "attributes": {
            "description": "K8S - Utils",
            "id": "862e640b-dcd2-46ed-9c63-d0296e191eb2",
            "name": "k8s-utils-sg",
            "tags": null,
            "timeouts": null
          },
          "private": "eyJlMmJmYjczMC1lY2FhLTExZTYtOGY4OC0zNDM2M2JjN2M0YzAiOnsiY3JlYXRlIjozMDAwMDAwMDAwMDAsImRlbGV0ZSI6MzAwMDAwMDAwMDAwLCJyZWFkIjozMDAwMDAwMDAwMDB9fQ=="
        }
      ]
    },
    {
      "mode": "managed",
      "type": "exoscale_security_group",
      "name": "k8s-worker-sg",
      "provider": "provider.exoscale",
      "instances": [
        {
          "schema_version": 0,
          "attributes": {
            "description": "K8S - Cluster",
            "id": "8fe4a4f6-7d51-412c-a04b-51e4e64ebf4b",
            "name": "k8s-worker-sg",
            "tags": null,
            "timeouts": null
          },
          "private": "eyJlMmJmYjczMC1lY2FhLTExZTYtOGY4OC0zNDM2M2JjN2M0YzAiOnsiY3JlYXRlIjozMDAwMDAwMDAwMDAsImRlbGV0ZSI6MzAwMDAwMDAwMDAwLCJyZWFkIjozMDAwMDAwMDAwMDB9fQ=="
        }
      ]
    },
    {
      "mode": "managed",
      "type": "exoscale_security_group_rule",
      "name": "http",
      "provider": "provider.exoscale",
      "instances": [
        {
          "schema_version": 0,
          "attributes": {
            "cidr": "0.0.0.0/0",
            "description": null,
            "end_port": 80,
            "icmp_code": 0,
            "icmp_type": 0,
            "id": "cddd69f4-c5b5-4692-9113-8c63507b0d79",
            "protocol": "TCP",
            "security_group": "k8s-master-sg",
            "security_group_id": "15a73869-bd0c-463a-95e5-7f5ce5d34f63",
            "start_port": 80,
            "timeouts": null,
            "type": "INGRESS",
            "user_security_group": "",
            "user_security_group_id": null
          },
          "private": "eyJlMmJmYjczMC1lY2FhLTExZTYtOGY4OC0zNDM2M2JjN2M0YzAiOnsiY3JlYXRlIjozMDAwMDAwMDAwMDAsImRlbGV0ZSI6MzAwMDAwMDAwMDAwLCJyZWFkIjozMDAwMDAwMDAwMDB9fQ==",
          "dependencies": [
            "exoscale_security_group.k8s-master-sg"
          ]
        }
      ]
    },
    {
      "mode": "managed",
      "type": "exoscale_security_group_rule",
      "name": "https",
      "provider": "provider.exoscale",
      "instances": [
        {
          "schema_version": 0,
          "attributes": {
            "cidr": "0.0.0.0/0",
            "description": null,
            "end_port": 443,
            "icmp_code": 0,
            "icmp_type": 0,
            "id": "9f62bbb6-7d32-4a6f-a74f-a66798c40f57",
            "protocol": "TCP",
            "security_group": "k8s-master-sg",
            "security_group_id": "15a73869-bd0c-463a-95e5-7f5ce5d34f63",
            "start_port": 443,
            "timeouts": null,
            "type": "INGRESS",
            "user_security_group": "",
            "user_security_group_id": null
          },
          "private": "eyJlMmJmYjczMC1lY2FhLTExZTYtOGY4OC0zNDM2M2JjN2M0YzAiOnsiY3JlYXRlIjozMDAwMDAwMDAwMDAsImRlbGV0ZSI6MzAwMDAwMDAwMDAwLCJyZWFkIjozMDAwMDAwMDAwMDB9fQ==",
          "dependencies": [
            "exoscale_security_group.k8s-master-sg"
          ]
        }
      ]
    },
    {
      "mode": "managed",
      "type": "exoscale_security_group_rule",
      "name": "k8s-admin",
      "provider": "provider.exoscale",
      "instances": [
        {
          "schema_version": 0,
          "attributes": {
            "cidr": "0.0.0.0/0",
            "description": null,
            "end_port": 6443,
            "icmp_code": 0,
            "icmp_type": 0,
            "id": "460cf29a-35de-4efa-94a3-0afbed201070",
            "protocol": "TCP",
            "security_group": "k8s-master-sg",
            "security_group_id": "15a73869-bd0c-463a-95e5-7f5ce5d34f63",
            "start_port": 6443,
            "timeouts": null,
            "type": "INGRESS",
            "user_security_group": "",
            "user_security_group_id": null
          },
          "private": "eyJlMmJmYjczMC1lY2FhLTExZTYtOGY4OC0zNDM2M2JjN2M0YzAiOnsiY3JlYXRlIjozMDAwMDAwMDAwMDAsImRlbGV0ZSI6MzAwMDAwMDAwMDAwLCJyZWFkIjozMDAwMDAwMDAwMDB9fQ==",
          "dependencies": [
            "exoscale_security_group.k8s-master-sg"
          ]
        }
      ]
    },
    {
      "mode": "managed",
      "type": "exoscale_security_group_rule",
      "name": "k8s-internal-traffic",
      "provider": "provider.exoscale",
      "instances": [
        {
          "schema_version": 0,
          "attributes": {
            "cidr": "",
            "description": null,
            "end_port": 65535,
            "icmp_code": 0,
            "icmp_type": 0,
            "id": "7009084e-13f3-4650-8f93-e657bf93fc09",
            "protocol": "TCP",
            "security_group": "k8s-master-sg",
            "security_group_id": "15a73869-bd0c-463a-95e5-7f5ce5d34f63",
            "start_port": 0,
            "timeouts": null,
            "type": "INGRESS",
            "user_security_group": "k8s-worker-sg",
            "user_security_group_id": null
          },
          "private": "eyJlMmJmYjczMC1lY2FhLTExZTYtOGY4OC0zNDM2M2JjN2M0YzAiOnsiY3JlYXRlIjozMDAwMDAwMDAwMDAsImRlbGV0ZSI6MzAwMDAwMDAwMDAwLCJyZWFkIjozMDAwMDAwMDAwMDB9fQ==",
          "dependencies": [
            "exoscale_security_group.k8s-master-sg",
            "exoscale_security_group.k8s-worker-sg"
          ]
        }
      ]
    },
    {
      "mode": "managed",
      "type": "exoscale_security_group_rule",
      "name": "k8s-utils-registry-https",
      "provider": "provider.exoscale",
      "instances": [
        {
          "schema_version": 0,
          "attributes": {
            "cidr": "0.0.0.0/0",
            "description": null,
            "end_port": 443,
            "icmp_code": 0,
            "icmp_type": 0,
            "id": "9f4d2113-0cc6-4c66-ac1e-267b16055958",
            "protocol": "TCP",
            "security_group": "k8s-utils-sg",
            "security_group_id": "862e640b-dcd2-46ed-9c63-d0296e191eb2",
            "start_port": 443,
            "timeouts": null,
            "type": "INGRESS",
            "user_security_group": "",
            "user_security_group_id": null
          },
          "private": "eyJlMmJmYjczMC1lY2FhLTExZTYtOGY4OC0zNDM2M2JjN2M0YzAiOnsiY3JlYXRlIjozMDAwMDAwMDAwMDAsImRlbGV0ZSI6MzAwMDAwMDAwMDAwLCJyZWFkIjozMDAwMDAwMDAwMDB9fQ==",
          "dependencies": [
            "exoscale_security_group.k8s-utils-sg"
          ]
        }
      ]
    },
    {
      "mode": "managed",
      "type": "exoscale_security_group_rule",
      "name": "k8s-utils-ssh",
      "provider": "provider.exoscale",
      "instances": [
        {
          "schema_version": 0,
          "attributes": {
            "cidr": "0.0.0.0/0",
            "description": null,
            "end_port": 22,
            "icmp_code": 0,
            "icmp_type": 0,
            "id": "e6f16f7f-1fac-4a0a-b5a3-5688281af386",
            "protocol": "TCP",
            "security_group": "k8s-utils-sg",
            "security_group_id": "862e640b-dcd2-46ed-9c63-d0296e191eb2",
            "start_port": 22,
            "timeouts": null,
            "type": "INGRESS",
            "user_security_group": "",
            "user_security_group_id": null
          },
          "private": "eyJlMmJmYjczMC1lY2FhLTExZTYtOGY4OC0zNDM2M2JjN2M0YzAiOnsiY3JlYXRlIjozMDAwMDAwMDAwMDAsImRlbGV0ZSI6MzAwMDAwMDAwMDAwLCJyZWFkIjozMDAwMDAwMDAwMDB9fQ==",
          "dependencies": [
            "exoscale_security_group.k8s-utils-sg"
          ]
        }
      ]
    },
    {
      "mode": "managed",
      "type": "exoscale_security_group_rule",
      "name": "k8s-utils-traffic",
      "provider": "provider.exoscale",
      "instances": [
        {
          "schema_version": 0,
          "attributes": {
            "cidr": "",
            "description": null,
            "end_port": 65535,
            "icmp_code": 0,
            "icmp_type": 0,
            "id": "06bff370-c146-40ce-83ee-c2125ae3ea27",
            "protocol": "TCP",
            "security_group": "k8s-utils-sg",
            "security_group_id": "862e640b-dcd2-46ed-9c63-d0296e191eb2",
            "start_port": 0,
            "timeouts": null,
            "type": "INGRESS",
            "user_security_group": "k8s-worker-sg",
            "user_security_group_id": null
          },
          "private": "eyJlMmJmYjczMC1lY2FhLTExZTYtOGY4OC0zNDM2M2JjN2M0YzAiOnsiY3JlYXRlIjozMDAwMDAwMDAwMDAsImRlbGV0ZSI6MzAwMDAwMDAwMDAwLCJyZWFkIjozMDAwMDAwMDAwMDB9fQ==",
          "dependencies": [
            "exoscale_security_group.k8s-utils-sg",
            "exoscale_security_group.k8s-worker-sg"
          ]
        }
      ]
    },
    {
      "mode": "managed",
      "type": "exoscale_security_group_rule",
      "name": "k8s-worker-int-traffic",
      "provider": "provider.exoscale",
      "instances": [
        {
          "schema_version": 0,
          "attributes": {
            "cidr": "",
            "description": null,
            "end_port": 65535,
            "icmp_code": 0,
            "icmp_type": 0,
            "id": "6fe48158-9de5-437f-8213-b158521a7445",
            "protocol": "TCP",
            "security_group": "k8s-worker-sg",
            "security_group_id": "8fe4a4f6-7d51-412c-a04b-51e4e64ebf4b",
            "start_port": 0,
            "timeouts": null,
            "type": "INGRESS",
            "user_security_group": "k8s-master-sg",
            "user_security_group_id": null
          },
          "private": "eyJlMmJmYjczMC1lY2FhLTExZTYtOGY4OC0zNDM2M2JjN2M0YzAiOnsiY3JlYXRlIjozMDAwMDAwMDAwMDAsImRlbGV0ZSI6MzAwMDAwMDAwMDAwLCJyZWFkIjozMDAwMDAwMDAwMDB9fQ==",
          "dependencies": [
            "exoscale_security_group.k8s-master-sg",
            "exoscale_security_group.k8s-worker-sg"
          ]
        }
      ]
    },
    {
      "mode": "managed",
      "type": "exoscale_security_group_rule",
      "name": "k8s-worker-utils-traffic",
      "provider": "provider.exoscale",
      "instances": [
        {
          "schema_version": 0,
          "attributes": {
            "cidr": "",
            "description": null,
            "end_port": 65535,
            "icmp_code": 0,
            "icmp_type": 0,
            "id": "e44ddf13-0c78-4cba-b367-c5fcf98b495b",
            "protocol": "TCP",
            "security_group": "k8s-worker-sg",
            "security_group_id": "8fe4a4f6-7d51-412c-a04b-51e4e64ebf4b",
            "start_port": 0,
            "timeouts": null,
            "type": "INGRESS",
            "user_security_group": "k8s-utils-sg",
            "user_security_group_id": null
          },
          "private": "eyJlMmJmYjczMC1lY2FhLTExZTYtOGY4OC0zNDM2M2JjN2M0YzAiOnsiY3JlYXRlIjozMDAwMDAwMDAwMDAsImRlbGV0ZSI6MzAwMDAwMDAwMDAwLCJyZWFkIjozMDAwMDAwMDAwMDB9fQ==",
          "dependencies": [
            "exoscale_security_group.k8s-utils-sg",
            "exoscale_security_group.k8s-worker-sg"
          ]
        }
      ]
    },
    {
      "mode": "managed",
      "type": "exoscale_security_group_rule",
      "name": "ssh",
      "provider": "provider.exoscale",
      "instances": [
        {
          "schema_version": 0,
          "attributes": {
            "cidr": "0.0.0.0/0",
            "description": null,
            "end_port": 22,
            "icmp_code": 0,
            "icmp_type": 0,
            "id": "f841182a-1163-42b2-9b62-f4e5416ea418",
            "protocol": "TCP",
            "security_group": "k8s-master-sg",
            "security_group_id": "15a73869-bd0c-463a-95e5-7f5ce5d34f63",
            "start_port": 22,
            "timeouts": null,
            "type": "INGRESS",
            "user_security_group": "",
            "user_security_group_id": null
          },
          "private": "eyJlMmJmYjczMC1lY2FhLTExZTYtOGY4OC0zNDM2M2JjN2M0YzAiOnsiY3JlYXRlIjozMDAwMDAwMDAwMDAsImRlbGV0ZSI6MzAwMDAwMDAwMDAwLCJyZWFkIjozMDAwMDAwMDAwMDB9fQ==",
          "dependencies": [
            "exoscale_security_group.k8s-master-sg"
          ]
        }
      ]
    },
    {
      "mode": "managed",
      "type": "exoscale_security_group_rule",
      "name": "worker-ssh",
      "provider": "provider.exoscale",
      "instances": [
        {
          "schema_version": 0,
          "attributes": {
            "cidr": "0.0.0.0/0",
            "description": null,
            "end_port": 22,
            "icmp_code": 0,
            "icmp_type": 0,
            "id": "b134efcd-fa5f-4ab6-856e-11cc7d9a4839",
            "protocol": "TCP",
            "security_group": "k8s-worker-sg",
            "security_group_id": "8fe4a4f6-7d51-412c-a04b-51e4e64ebf4b",
            "start_port": 22,
            "timeouts": null,
            "type": "INGRESS",
            "user_security_group": "",
            "user_security_group_id": null
          },
          "private": "eyJlMmJmYjczMC1lY2FhLTExZTYtOGY4OC0zNDM2M2JjN2M0YzAiOnsiY3JlYXRlIjozMDAwMDAwMDAwMDAsImRlbGV0ZSI6MzAwMDAwMDAwMDAwLCJyZWFkIjozMDAwMDAwMDAwMDB9fQ==",
          "dependencies": [
            "exoscale_security_group.k8s-worker-sg"
          ]
        }
      ]
    }
  ]
}
